
Microsoft Visual Studio Solution File, Format Version 12.00
# Visual Studio Version 17
VisualStudioVersion = 17.1.32228.430
MinimumVisualStudioVersion = 10.0.40219.1
Project("{9A19103F-16F7-4668-BE54-9A1E7A4F7556}") = "WebApi", "WebApi\WebApi.csproj", "{3196A570-7C78-43FE-AAA4-41D2C283B0B8}"
EndProject
Project("{FAE04EC0-301F-11D3-BF4B-00C04F79EFBC}") = "WebApiTest", "WebApiTest\WebApiTest.csproj", "{FA993B16-D89D-44BE-80E3-91F4DAEC3D8C}"
EndProject
Project("{2150E333-8FDC-42A3-9474-1A3956D46DE8}") = "WebApi", "WebApi", "{C1C2C3EB-AF8A-4A23-87A4-8C63A22F64E2}"
EndProject
Project("{2150E333-8FDC-42A3-9474-1A3956D46DE8}") = "Postman", "Postman", "{D9198136-D3A2-47A9-9771-DCD6584AEA34}"
	ProjectSection(SolutionItems) = preProject
		WebApi\WebApi.json = WebApi\WebApi.json
		WebApi\Postman\WebApi.yaml = WebApi\Postman\WebApi.yaml
		WebApi\Postman\WebApi.03.04.05.06.postman_collection.json = WebApi\Postman\WebApi.03.04.05.06.postman_collection.json
	EndProjectSection
EndProject
Global
	GlobalSection(SolutionConfigurationPlatforms) = preSolution
		Debug|Any CPU = Debug|Any CPU
		Release|Any CPU = Release|Any CPU
	EndGlobalSection
	GlobalSection(ProjectConfigurationPlatforms) = postSolution
		{3196A570-7C78-43FE-AAA4-41D2C283B0B8}.Debug|Any CPU.ActiveCfg = Debug|Any CPU
		{3196A570-7C78-43FE-AAA4-41D2C283B0B8}.Debug|Any CPU.Build.0 = Debug|Any CPU
		{3196A570-7C78-43FE-AAA4-41D2C283B0B8}.Release|Any CPU.ActiveCfg = Release|Any CPU
		{3196A570-7C78-43FE-AAA4-41D2C283B0B8}.Release|Any CPU.Build.0 = Release|Any CPU
		{FA993B16-D89D-44BE-80E3-91F4DAEC3D8C}.Debug|Any CPU.ActiveCfg = Debug|Any CPU
		{FA993B16-D89D-44BE-80E3-91F4DAEC3D8C}.Debug|Any CPU.Build.0 = Debug|Any CPU
		{FA993B16-D89D-44BE-80E3-91F4DAEC3D8C}.Release|Any CPU.ActiveCfg = Release|Any CPU
		{FA993B16-D89D-44BE-80E3-91F4DAEC3D8C}.Release|Any CPU.Build.0 = Release|Any CPU
	EndGlobalSection
	GlobalSection(SolutionProperties) = preSolution
		HideSolutionNode = FALSE
	EndGlobalSection
	GlobalSection(ExtensibilityGlobals) = postSolution
		SolutionGuid = {9A42A668-677F-4C7B-A2CC-A9C53B019CD5}
	EndGlobalSection
	GlobalSection(NestedProjects) = preSolution
		{FA993B16-D89D-44BE-80E3-91F4DAEC3D8C} = {C1C2C3EB-AF8A-4A23-87A4-8C63A22F64E2}
		{3196A570-7C78-43FE-AAA4-41D2C283B0B8} = {C1C2C3EB-AF8A-4A23-87A4-8C63A22F64E2}
		{D9198136-D3A2-47A9-9771-DCD6584AEA34} = {C1C2C3EB-AF8A-4A23-87A4-8C63A22F64E2}
	EndGlobalSection
EndGlobal
